
Microsoft Visual Studio Solution File, Format Version 12.00
# Visual Studio Version 17
VisualStudioVersion = 17.3.32825.248
MinimumVisualStudioVersion = 10.0.40219.1
Project("{F184B08F-C81C-45F6-A57F-5ABD9991F28F}") = "txtScrap", "txtScrap\txtScrap.vbproj", "{94F23079-8E1F-499E-A953-98C1EB1042C9}"
EndProject
Global
	GlobalSection(SolutionConfigurationPlatforms) = preSolution
		Debug|Any CPU = Debug|Any CPU
		Release|Any CPU = Release|Any CPU
	EndGlobalSection
	GlobalSection(ProjectConfigurationPlatforms) = postSolution
		{94F23079-8E1F-499E-A953-98C1EB1042C9}.Debug|Any CPU.ActiveCfg = Debug|Any CPU
		{94F23079-8E1F-499E-A953-98C1EB1042C9}.Debug|Any CPU.Build.0 = Debug|Any CPU
		{94F23079-8E1F-499E-A953-98C1EB1042C9}.Release|Any CPU.ActiveCfg = Release|Any CPU
		{94F23079-8E1F-499E-A953-98C1EB1042C9}.Release|Any CPU.Build.0 = Release|Any CPU
	EndGlobalSection
	GlobalSection(SolutionProperties) = preSolution
		HideSolutionNode = FALSE
	EndGlobalSection
	GlobalSection(ExtensibilityGlobals) = postSolution
		SolutionGuid = {A00E372C-0DC0-4456-8B18-8A3B91BF26B4}
	EndGlobalSection
EndGlobal
